// !$*UTF8*$!
{
	archiveVersion = 1;
	classes = {
	};
	objectVersion = 46;
	objects = {

/* Begin PBXBuildFile section */
		BE2F86751753FE120045A31A /* main.cpp in Sources */ = {isa = PBXBuildFile; fileRef = BECC16BD17448DEC004C1344 /* main.cpp */; };
		BE2F86761753FE400045A31A /* glm.cpp in Sources */ = {isa = PBXBuildFile; fileRef = BED671FF1752D0AA00385B13 /* glm.cpp */; };
		BE2F86771753FE6A0045A31A /* objparser.cpp in Sources */ = {isa = PBXBuildFile; fileRef = BEE11109174493E100602BFC /* objparser.cpp */; };
		BE8204761754004D00F3F1ED /* OBJObject.cpp in Sources */ = {isa = PBXBuildFile; fileRef = BE8204741754004D00F3F1ED /* OBJObject.cpp */; };
		BECC168B174478BD004C1344 /* GLUT.framework in Frameworks */ = {isa = PBXBuildFile; fileRef = BECC168A174478BD004C1344 /* GLUT.framework */; };
		BECC168D174478C2004C1344 /* OpenGL.framework in Frameworks */ = {isa = PBXBuildFile; fileRef = BECC168C174478C2004C1344 /* OpenGL.framework */; };
/* End PBXBuildFile section */

/* Begin PBXCopyFilesBuildPhase section */
		BECC167C174476A9004C1344 /* CopyFiles */ = {
			isa = PBXCopyFilesBuildPhase;
			buildActionMask = 2147483647;
			dstPath = /usr/share/man/man1/;
			dstSubfolderSpec = 0;
			files = (
			);
			runOnlyForDeploymentPostprocessing = 1;
		};
/* End PBXCopyFilesBuildPhase section */

/* Begin PBXFileReference section */
		BE2F8648175348940045A31A /* skyscraper.obj */ = {isa = PBXFileReference; fileEncoding = 4; lastKnownFileType = text; path = skyscraper.obj; sourceTree = "<group>"; };
		BE8204741754004D00F3F1ED /* OBJObject.cpp */ = {isa = PBXFileReference; fileEncoding = 4; lastKnownFileType = sourcecode.cpp.cpp; path = OBJObject.cpp; sourceTree = "<group>"; };
		BE8204751754004D00F3F1ED /* OBJObject.h */ = {isa = PBXFileReference; fileEncoding = 4; lastKnownFileType = sourcecode.c.h; path = OBJObject.h; sourceTree = "<group>"; };
		BE82047A175401CE00F3F1ED /* error.h */ = {isa = PBXFileReference; fileEncoding = 4; lastKnownFileType = sourcecode.c.h; path = error.h; sourceTree = "<group>"; };
		BE82047B175401CE00F3F1ED /* utils.h */ = {isa = PBXFileReference; fileEncoding = 4; lastKnownFileType = sourcecode.c.h; path = utils.h; sourceTree = "<group>"; };
		BE82047D175401CE00F3F1ED /* mat2.h */ = {isa = PBXFileReference; fileEncoding = 4; lastKnownFileType = sourcecode.c.h; path = mat2.h; sourceTree = "<group>"; };
		BE82047E175401CE00F3F1ED /* mat3.h */ = {isa = PBXFileReference; fileEncoding = 4; lastKnownFileType = sourcecode.c.h; path = mat3.h; sourceTree = "<group>"; };
		BE82047F175401CE00F3F1ED /* mat4.h */ = {isa = PBXFileReference; fileEncoding = 4; lastKnownFileType = sourcecode.c.h; path = mat4.h; sourceTree = "<group>"; };
		BE820480175401CE00F3F1ED /* stack.h */ = {isa = PBXFileReference; fileEncoding = 4; lastKnownFileType = sourcecode.c.h; path = stack.h; sourceTree = "<group>"; };
		BE820481175401CE00F3F1ED /* vec2.h */ = {isa = PBXFileReference; fileEncoding = 4; lastKnownFileType = sourcecode.c.h; path = vec2.h; sourceTree = "<group>"; };
		BE820482175401CE00F3F1ED /* vec3.h */ = {isa = PBXFileReference; fileEncoding = 4; lastKnownFileType = sourcecode.c.h; path = vec3.h; sourceTree = "<group>"; };
		BE820483175401CE00F3F1ED /* vec4.h */ = {isa = PBXFileReference; fileEncoding = 4; lastKnownFileType = sourcecode.c.h; path = vec4.h; sourceTree = "<group>"; };
		BE820485175401CE00F3F1ED /* .cube.h.swp */ = {isa = PBXFileReference; lastKnownFileType = file; path = .cube.h.swp; sourceTree = "<group>"; };
		BE820486175401CE00F3F1ED /* cube.h */ = {isa = PBXFileReference; fileEncoding = 4; lastKnownFileType = sourcecode.c.h; path = cube.h; sourceTree = "<group>"; };
		BE820487175401CE00F3F1ED /* projection.h */ = {isa = PBXFileReference; fileEncoding = 4; lastKnownFileType = sourcecode.c.h; path = projection.h; sourceTree = "<group>"; };
		BE820488175401CE00F3F1ED /* transform.h */ = {isa = PBXFileReference; fileEncoding = 4; lastKnownFileType = sourcecode.c.h; path = transform.h; sourceTree = "<group>"; };
		BE820489175401CE00F3F1ED /* transform2d.h */ = {isa = PBXFileReference; fileEncoding = 4; lastKnownFileType = sourcecode.c.h; path = transform2d.h; sourceTree = "<group>"; };
		BE82048A175401CE00F3F1ED /* GLJoe.h */ = {isa = PBXFileReference; fileEncoding = 4; lastKnownFileType = sourcecode.c.h; path = GLJoe.h; sourceTree = "<group>"; };
		BE82048C175401CE00F3F1ED /* initshader.h */ = {isa = PBXFileReference; fileEncoding = 4; lastKnownFileType = sourcecode.c.h; path = initshader.h; sourceTree = "<group>"; };
		BE82048D175401CE00F3F1ED /* tgaimage.h */ = {isa = PBXFileReference; fileEncoding = 4; lastKnownFileType = sourcecode.c.h; path = tgaimage.h; sourceTree = "<group>"; };
		BEC2BE6D174E15F3000C44FA /* vshader.glsl */ = {isa = PBXFileReference; fileEncoding = 4; lastKnownFileType = text; path = vshader.glsl; sourceTree = "<group>"; };
		BEC2BE6E174E15F3000C44FA /* fshader.glsl */ = {isa = PBXFileReference; fileEncoding = 4; lastKnownFileType = text; path = fshader.glsl; sourceTree = "<group>"; };
		BECC167E174476A9004C1344 /* loadModels */ = {isa = PBXFileReference; explicitFileType = "compiled.mach-o.executable"; includeInIndex = 0; path = loadModels; sourceTree = BUILT_PRODUCTS_DIR; };
		BECC168A174478BD004C1344 /* GLUT.framework */ = {isa = PBXFileReference; lastKnownFileType = wrapper.framework; name = GLUT.framework; path = System/Library/Frameworks/GLUT.framework; sourceTree = SDKROOT; };
		BECC168C174478C2004C1344 /* OpenGL.framework */ = {isa = PBXFileReference; lastKnownFileType = wrapper.framework; name = OpenGL.framework; path = System/Library/Frameworks/OpenGL.framework; sourceTree = SDKROOT; };
		BECC16BD17448DEC004C1344 /* main.cpp */ = {isa = PBXFileReference; fileEncoding = 4; lastKnownFileType = sourcecode.cpp.cpp; path = main.cpp; sourceTree = "<group>"; };
		BED671FE1752D0AA00385B13 /* glm.h */ = {isa = PBXFileReference; fileEncoding = 4; lastKnownFileType = sourcecode.c.h; path = glm.h; sourceTree = "<group>"; };
		BED671FF1752D0AA00385B13 /* glm.cpp */ = {isa = PBXFileReference; fileEncoding = 4; lastKnownFileType = sourcecode.cpp.cpp; path = glm.cpp; sourceTree = "<group>"; };
		BED672021752D17E00385B13 /* airboat.obj */ = {isa = PBXFileReference; fileEncoding = 4; lastKnownFileType = text; path = airboat.obj; sourceTree = "<group>"; };
		BED672031752D17E00385B13 /* al.mtl */ = {isa = PBXFileReference; fileEncoding = 4; lastKnownFileType = text; path = al.mtl; sourceTree = "<group>"; };
		BED672041752D17E00385B13 /* al.obj */ = {isa = PBXFileReference; fileEncoding = 4; lastKnownFileType = text; path = al.obj; sourceTree = "<group>"; };
		BED672051752D17E00385B13 /* ansgenx3_last.mtl */ = {isa = PBXFileReference; fileEncoding = 4; lastKnownFileType = text; path = ansgenx3_last.mtl; sourceTree = "<group>"; };
		BED672061752D17E00385B13 /* ansgenx3_last.obj */ = {isa = PBXFileReference; fileEncoding = 4; lastKnownFileType = text; path = ansgenx3_last.obj; sourceTree = "<group>"; };
		BED672071752D17E00385B13 /* apocalypse.obj */ = {isa = PBXFileReference; fileEncoding = 4; lastKnownFileType = text; path = apocalypse.obj; sourceTree = "<group>"; };
		BED672081752D17E00385B13 /* bf109.mtl */ = {isa = PBXFileReference; fileEncoding = 4; lastKnownFileType = text; path = bf109.mtl; sourceTree = "<group>"; };
		BED672091752D17E00385B13 /* bf109.obj */ = {isa = PBXFileReference; fileEncoding = 4; lastKnownFileType = text; path = bf109.obj; sourceTree = "<group>"; };
		BED6720A1752D17E00385B13 /* bilding.obj */ = {isa = PBXFileReference; fileEncoding = 4; lastKnownFileType = text; path = bilding.obj; sourceTree = "<group>"; };
		BED6720B1752D17E00385B13 /* castle.mtl */ = {isa = PBXFileReference; fileEncoding = 4; lastKnownFileType = text; path = castle.mtl; sourceTree = "<group>"; };
		BED6720C1752D17E00385B13 /* castle.obj */ = {isa = PBXFileReference; fileEncoding = 4; lastKnownFileType = text; path = castle.obj; sourceTree = "<group>"; };
		BED6720D1752D17E00385B13 /* center.mtl */ = {isa = PBXFileReference; fileEncoding = 4; lastKnownFileType = text; path = center.mtl; sourceTree = "<group>"; };
		BED6720E1752D17E00385B13 /* center.obj */ = {isa = PBXFileReference; fileEncoding = 4; lastKnownFileType = text; path = center.obj; sourceTree = "<group>"; };
		BED6720F1752D17E00385B13 /* couch.mtl */ = {isa = PBXFileReference; fileEncoding = 4; lastKnownFileType = text; path = couch.mtl; sourceTree = "<group>"; };
		BED672101752D17E00385B13 /* couch.obj */ = {isa = PBXFileReference; fileEncoding = 4; lastKnownFileType = text; path = couch.obj; sourceTree = "<group>"; };
		BED672111752D17E00385B13 /* cow.obj */ = {isa = PBXFileReference; fileEncoding = 4; lastKnownFileType = text; path = cow.obj; sourceTree = "<group>"; };
		BED672121752D17E00385B13 /* cube.mtl */ = {isa = PBXFileReference; fileEncoding = 4; lastKnownFileType = text; path = cube.mtl; sourceTree = "<group>"; };
		BED672131752D17E00385B13 /* cube.obj */ = {isa = PBXFileReference; fileEncoding = 4; lastKnownFileType = text; path = cube.obj; sourceTree = "<group>"; };
		BED672141752D17E00385B13 /* cutcube.obj */ = {isa = PBXFileReference; fileEncoding = 4; lastKnownFileType = text; path = cutcube.obj; sourceTree = "<group>"; };
		BED672151752D17E00385B13 /* dolphins.mtl */ = {isa = PBXFileReference; fileEncoding = 4; lastKnownFileType = text; path = dolphins.mtl; sourceTree = "<group>"; };
		BED672161752D17E00385B13 /* dolphins.obj */ = {isa = PBXFileReference; fileEncoding = 4; lastKnownFileType = text; path = dolphins.obj; sourceTree = "<group>"; };
		BED672171752D17E00385B13 /* dragon.obj */ = {isa = PBXFileReference; fileEncoding = 4; lastKnownFileType = text; path = dragon.obj; sourceTree = "<group>"; };
		BED672181752D17E00385B13 /* dual.mtl */ = {isa = PBXFileReference; fileEncoding = 4; lastKnownFileType = text; path = dual.mtl; sourceTree = "<group>"; };
		BED672191752D17E00385B13 /* dual.obj */ = {isa = PBXFileReference; fileEncoding = 4; lastKnownFileType = text; path = dual.obj; sourceTree = "<group>"; };
		BED6721A1752D17E00385B13 /* eagle.obj */ = {isa = PBXFileReference; fileEncoding = 4; lastKnownFileType = text; path = eagle.obj; sourceTree = "<group>"; };
		BED6721B1752D17E00385B13 /* earth2.mtl */ = {isa = PBXFileReference; fileEncoding = 4; lastKnownFileType = text; path = earth2.mtl; sourceTree = "<group>"; };
		BED6721C1752D17E00385B13 /* earth2.obj */ = {isa = PBXFileReference; fileEncoding = 4; lastKnownFileType = text; path = earth2.obj; sourceTree = "<group>"; };
		BED6721D1752D17E00385B13 /* f-16.mtl */ = {isa = PBXFileReference; fileEncoding = 4; lastKnownFileType = text; path = "f-16.mtl"; sourceTree = "<group>"; };
		BED6721E1752D17E00385B13 /* f-16.obj */ = {isa = PBXFileReference; fileEncoding = 4; lastKnownFileType = text; path = "f-16.obj"; sourceTree = "<group>"; };
		BED6721F1752D17E00385B13 /* flowers.mtl */ = {isa = PBXFileReference; fileEncoding = 4; lastKnownFileType = text; path = flowers.mtl; sourceTree = "<group>"; };
		BED672201752D17E00385B13 /* flowers.obj */ = {isa = PBXFileReference; fileEncoding = 4; lastKnownFileType = text; path = flowers.obj; sourceTree = "<group>"; };
		BED672211752D17E00385B13 /* galleon.obj */ = {isa = PBXFileReference; fileEncoding = 4; lastKnownFileType = text; path = galleon.obj; sourceTree = "<group>"; };
		BED672221752D17E00385B13 /* head.mtl */ = {isa = PBXFileReference; fileEncoding = 4; lastKnownFileType = text; path = head.mtl; sourceTree = "<group>"; };
		BED672231752D17E00385B13 /* head.obj */ = {isa = PBXFileReference; fileEncoding = 4; lastKnownFileType = text; path = head.obj; sourceTree = "<group>"; };
		BED672241752D17E00385B13 /* head_chord.obj */ = {isa = PBXFileReference; fileEncoding = 4; lastKnownFileType = text; path = head_chord.obj; sourceTree = "<group>"; };
		BED672251752D17E00385B13 /* HOUSTON.mtl */ = {isa = PBXFileReference; fileEncoding = 4; lastKnownFileType = text; path = HOUSTON.mtl; sourceTree = "<group>"; };
		BED672261752D17E00385B13 /* HOUSTON.obj */ = {isa = PBXFileReference; fileEncoding = 4; lastKnownFileType = text; path = HOUSTON.obj; sourceTree = "<group>"; };
		BED672271752D17E00385B13 /* hurt.mtl */ = {isa = PBXFileReference; fileEncoding = 4; lastKnownFileType = text; path = hurt.mtl; sourceTree = "<group>"; };
		BED672281752D17E00385B13 /* hurt.obj */ = {isa = PBXFileReference; fileEncoding = 4; lastKnownFileType = text; path = hurt.obj; sourceTree = "<group>"; };
		BED672291752D17E00385B13 /* jar_fix.mtl */ = {isa = PBXFileReference; fileEncoding = 4; lastKnownFileType = text; path = jar_fix.mtl; sourceTree = "<group>"; };
		BED6722A1752D17F00385B13 /* jar_fix.obj */ = {isa = PBXFileReference; fileEncoding = 4; lastKnownFileType = text; path = jar_fix.obj; sourceTree = "<group>"; };
		BED6722B1752D17F00385B13 /* lady_c.mtl */ = {isa = PBXFileReference; fileEncoding = 4; lastKnownFileType = text; path = lady_c.mtl; sourceTree = "<group>"; };
		BED6722C1752D17F00385B13 /* lady_c.obj */ = {isa = PBXFileReference; fileEncoding = 4; lastKnownFileType = text; path = lady_c.obj; sourceTree = "<group>"; };
		BED6722D1752D17F00385B13 /* LoraBuste01.mtl */ = {isa = PBXFileReference; fileEncoding = 4; lastKnownFileType = text; path = LoraBuste01.mtl; sourceTree = "<group>"; };
		BED6722E1752D17F00385B13 /* LoraBuste01.obj */ = {isa = PBXFileReference; fileEncoding = 4; lastKnownFileType = text; path = LoraBuste01.obj; sourceTree = "<group>"; };
		BED6722F1752D17F00385B13 /* MIDEVIL.mtl */ = {isa = PBXFileReference; fileEncoding = 4; lastKnownFileType = text; path = MIDEVIL.mtl; sourceTree = "<group>"; };
		BED672301752D17F00385B13 /* MIDEVIL.obj */ = {isa = PBXFileReference; fileEncoding = 4; lastKnownFileType = text; path = MIDEVIL.obj; sourceTree = "<group>"; };
		BED672311752D17F00385B13 /* ncc1701b.obj */ = {isa = PBXFileReference; fileEncoding = 4; lastKnownFileType = text; path = ncc1701b.obj; sourceTree = "<group>"; };
		BED672321752D17F00385B13 /* P51flight.mtl */ = {isa = PBXFileReference; fileEncoding = 4; lastKnownFileType = text; path = P51flight.mtl; sourceTree = "<group>"; };
		BED672331752D17F00385B13 /* P51flight.obj */ = {isa = PBXFileReference; fileEncoding = 4; lastKnownFileType = text; path = P51flight.obj; sourceTree = "<group>"; };
		BED672341752D17F00385B13 /* pawn.mtl */ = {isa = PBXFileReference; fileEncoding = 4; lastKnownFileType = text; path = pawn.mtl; sourceTree = "<group>"; };
		BED672351752D17F00385B13 /* pawn.obj */ = {isa = PBXFileReference; fileEncoding = 4; lastKnownFileType = text; path = pawn.obj; sourceTree = "<group>"; };
		BED672361752D17F00385B13 /* pig.mtl */ = {isa = PBXFileReference; fileEncoding = 4; lastKnownFileType = text; path = pig.mtl; sourceTree = "<group>"; };
		BED672371752D17F00385B13 /* pig.obj */ = {isa = PBXFileReference; fileEncoding = 4; lastKnownFileType = text; path = pig.obj; sourceTree = "<group>"; };
		BED672381752D17F00385B13 /* porsche.mtl */ = {isa = PBXFileReference; fileEncoding = 4; lastKnownFileType = text; path = porsche.mtl; sourceTree = "<group>"; };
		BED672391752D17F00385B13 /* porsche.obj */ = {isa = PBXFileReference; fileEncoding = 4; lastKnownFileType = text; path = porsche.obj; sourceTree = "<group>"; };
		BED6723A1752D17F00385B13 /* rose+vase.mtl */ = {isa = PBXFileReference; fileEncoding = 4; lastKnownFileType = text; path = "rose+vase.mtl"; sourceTree = "<group>"; };
		BED6723B1752D17F00385B13 /* rose+vase.obj */ = {isa = PBXFileReference; fileEncoding = 4; lastKnownFileType = text; path = "rose+vase.obj"; sourceTree = "<group>"; };
		BED6723C1752D17F00385B13 /* shark.obj */ = {isa = PBXFileReference; fileEncoding = 4; lastKnownFileType = text; path = shark.obj; sourceTree = "<group>"; };
		BED6723D1752D17F00385B13 /* slices.obj */ = {isa = PBXFileReference; fileEncoding = 4; lastKnownFileType = text; path = slices.obj; sourceTree = "<group>"; };
		BED6723E1752D17F00385B13 /* soccerball.mtl */ = {isa = PBXFileReference; fileEncoding = 4; lastKnownFileType = text; path = soccerball.mtl; sourceTree = "<group>"; };
		BED6723F1752D17F00385B13 /* soccerball.obj */ = {isa = PBXFileReference; fileEncoding = 4; lastKnownFileType = text; path = soccerball.obj; sourceTree = "<group>"; };
		BED672401752D17F00385B13 /* sphere.mtl */ = {isa = PBXFileReference; fileEncoding = 4; lastKnownFileType = text; path = sphere.mtl; sourceTree = "<group>"; };
		BED672411752D17F00385B13 /* sphere.obj */ = {isa = PBXFileReference; fileEncoding = 4; lastKnownFileType = text; path = sphere.obj; sourceTree = "<group>"; };
		BED672421752D17F00385B13 /* sr5.mtl */ = {isa = PBXFileReference; fileEncoding = 4; lastKnownFileType = text; path = sr5.mtl; sourceTree = "<group>"; };
		BED672431752D17F00385B13 /* sr5.obj */ = {isa = PBXFileReference; fileEncoding = 4; lastKnownFileType = text; path = sr5.obj; sourceTree = "<group>"; };
		BED672441752D17F00385B13 /* teapot.mtl */ = {isa = PBXFileReference; fileEncoding = 4; lastKnownFileType = text; path = teapot.mtl; sourceTree = "<group>"; };
		BED672451752D17F00385B13 /* teapot.obj */ = {isa = PBXFileReference; fileEncoding = 4; lastKnownFileType = text; path = teapot.obj; sourceTree = "<group>"; };
		BED672461752D17F00385B13 /* test4.mtl */ = {isa = PBXFileReference; fileEncoding = 4; lastKnownFileType = text; path = test4.mtl; sourceTree = "<group>"; };
		BED672471752D17F00385B13 /* test4.obj */ = {isa = PBXFileReference; fileEncoding = 4; lastKnownFileType = text; path = test4.obj; sourceTree = "<group>"; };
		BED672481752D17F00385B13 /* tie.mtl */ = {isa = PBXFileReference; fileEncoding = 4; lastKnownFileType = text; path = tie.mtl; sourceTree = "<group>"; };
		BED672491752D17F00385B13 /* tie.obj */ = {isa = PBXFileReference; fileEncoding = 4; lastKnownFileType = text; path = tie.obj; sourceTree = "<group>"; };
		BED6724A1752D17F00385B13 /* venus.mtl */ = {isa = PBXFileReference; fileEncoding = 4; lastKnownFileType = text; path = venus.mtl; sourceTree = "<group>"; };
		BED6724B1752D17F00385B13 /* venus.obj */ = {isa = PBXFileReference; fileEncoding = 4; lastKnownFileType = text; path = venus.obj; sourceTree = "<group>"; };
		BED6724C1752D17F00385B13 /* womanhead.obj */ = {isa = PBXFileReference; fileEncoding = 4; lastKnownFileType = text; path = womanhead.obj; sourceTree = "<group>"; };
		BED6724D1752D17F00385B13 /* world_curved.mtl */ = {isa = PBXFileReference; fileEncoding = 4; lastKnownFileType = text; path = world_curved.mtl; sourceTree = "<group>"; };
		BED6724E1752D17F00385B13 /* world_curved.obj */ = {isa = PBXFileReference; fileEncoding = 4; lastKnownFileType = text; path = world_curved.obj; sourceTree = "<group>"; };
		BED6724F1752D17F00385B13 /* xwing.obj */ = {isa = PBXFileReference; fileEncoding = 4; lastKnownFileType = text; path = xwing.obj; sourceTree = "<group>"; };
		BEE11109174493E100602BFC /* objparser.cpp */ = {isa = PBXFileReference; fileEncoding = 4; lastKnownFileType = sourcecode.cpp.cpp; path = objparser.cpp; sourceTree = "<group>"; };
		BEE1110A174493E100602BFC /* objparser.h */ = {isa = PBXFileReference; fileEncoding = 4; lastKnownFileType = sourcecode.c.h; path = objparser.h; sourceTree = "<group>"; };
/* End PBXFileReference section */

/* Begin PBXFrameworksBuildPhase section */
		BECC167B174476A9004C1344 /* Frameworks */ = {
			isa = PBXFrameworksBuildPhase;
			buildActionMask = 2147483647;
			files = (
				BECC168D174478C2004C1344 /* OpenGL.framework in Frameworks */,
				BECC168B174478BD004C1344 /* GLUT.framework in Frameworks */,
			);
			runOnlyForDeploymentPostprocessing = 0;
		};
/* End PBXFrameworksBuildPhase section */

/* Begin PBXGroup section */
		BE820477175401CE00F3F1ED /* GLJoe */ = {
			isa = PBXGroup;
			children = (
				BE820478175401CE00F3F1ED /* common */,
				BE82047C175401CE00F3F1ED /* core */,
				BE820484175401CE00F3F1ED /* geometry */,
				BE82048A175401CE00F3F1ED /* GLJoe.h */,
				BE82048B175401CE00F3F1ED /* utils */,
			);
			path = GLJoe;
			sourceTree = "<group>";
		};
		BE820478175401CE00F3F1ED /* common */ = {
			isa = PBXGroup;
			children = (
				BE82047A175401CE00F3F1ED /* error.h */,
				BE82047B175401CE00F3F1ED /* utils.h */,
			);
			path = common;
			sourceTree = "<group>";
		};
		BE82047C175401CE00F3F1ED /* core */ = {
			isa = PBXGroup;
			children = (
				BE82047D175401CE00F3F1ED /* mat2.h */,
				BE82047E175401CE00F3F1ED /* mat3.h */,
				BE82047F175401CE00F3F1ED /* mat4.h */,
				BE820480175401CE00F3F1ED /* stack.h */,
				BE820481175401CE00F3F1ED /* vec2.h */,
				BE820482175401CE00F3F1ED /* vec3.h */,
				BE820483175401CE00F3F1ED /* vec4.h */,
			);
			path = core;
			sourceTree = "<group>";
		};
		BE820484175401CE00F3F1ED /* geometry */ = {
			isa = PBXGroup;
			children = (
				BE820485175401CE00F3F1ED /* .cube.h.swp */,
				BE820486175401CE00F3F1ED /* cube.h */,
				BE820487175401CE00F3F1ED /* projection.h */,
				BE820488175401CE00F3F1ED /* transform.h */,
				BE820489175401CE00F3F1ED /* transform2d.h */,
			);
			path = geometry;
			sourceTree = "<group>";
		};
		BE82048B175401CE00F3F1ED /* utils */ = {
			isa = PBXGroup;
			children = (
				BE82048C175401CE00F3F1ED /* initshader.h */,
				BE82048D175401CE00F3F1ED /* tgaimage.h */,
			);
			path = utils;
			sourceTree = "<group>";
		};
		BECC1675174476A9004C1344 = {
			isa = PBXGroup;
			children = (
				BECC168C174478C2004C1344 /* OpenGL.framework */,
				BECC168A174478BD004C1344 /* GLUT.framework */,
				BECC1680174476A9004C1344 /* loadModels */,
				BECC167F174476A9004C1344 /* Products */,
			);
			sourceTree = "<group>";
		};
		BECC167F174476A9004C1344 /* Products */ = {
			isa = PBXGroup;
			children = (
				BECC167E174476A9004C1344 /* loadModels */,
			);
			name = Products;
			sourceTree = "<group>";
		};
		BECC1680174476A9004C1344 /* loadModels */ = {
			isa = PBXGroup;
			children = (
				BE820477175401CE00F3F1ED /* GLJoe */,
				BED672011752D17E00385B13 /* Models */,
				BEC2BE6D174E15F3000C44FA /* vshader.glsl */,
				BEC2BE6E174E15F3000C44FA /* fshader.glsl */,
				BEE111061744939F00602BFC /* objParser */,
				BECC16BD17448DEC004C1344 /* main.cpp */,
			);
			path = loadModels;
			sourceTree = "<group>";
		};
		BED672011752D17E00385B13 /* Models */ = {
			isa = PBXGroup;
			children = (
				BE2F8648175348940045A31A /* skyscraper.obj */,
				BED672021752D17E00385B13 /* airboat.obj */,
				BED672031752D17E00385B13 /* al.mtl */,
				BED672041752D17E00385B13 /* al.obj */,
				BED672051752D17E00385B13 /* ansgenx3_last.mtl */,
				BED672061752D17E00385B13 /* ansgenx3_last.obj */,
				BED672071752D17E00385B13 /* apocalypse.obj */,
				BED672081752D17E00385B13 /* bf109.mtl */,
				BED672091752D17E00385B13 /* bf109.obj */,
				BED6720A1752D17E00385B13 /* bilding.obj */,
				BED6720B1752D17E00385B13 /* castle.mtl */,
				BED6720C1752D17E00385B13 /* castle.obj */,
				BED6720D1752D17E00385B13 /* center.mtl */,
				BED6720E1752D17E00385B13 /* center.obj */,
				BED6720F1752D17E00385B13 /* couch.mtl */,
				BED672101752D17E00385B13 /* couch.obj */,
				BED672111752D17E00385B13 /* cow.obj */,
				BED672121752D17E00385B13 /* cube.mtl */,
				BED672131752D17E00385B13 /* cube.obj */,
				BED672141752D17E00385B13 /* cutcube.obj */,
				BED672151752D17E00385B13 /* dolphins.mtl */,
				BED672161752D17E00385B13 /* dolphins.obj */,
				BED672171752D17E00385B13 /* dragon.obj */,
				BED672181752D17E00385B13 /* dual.mtl */,
				BED672191752D17E00385B13 /* dual.obj */,
				BED6721A1752D17E00385B13 /* eagle.obj */,
				BED6721B1752D17E00385B13 /* earth2.mtl */,
				BED6721C1752D17E00385B13 /* earth2.obj */,
				BED6721D1752D17E00385B13 /* f-16.mtl */,
				BED6721E1752D17E00385B13 /* f-16.obj */,
				BED6721F1752D17E00385B13 /* flowers.mtl */,
				BED672201752D17E00385B13 /* flowers.obj */,
				BED672211752D17E00385B13 /* galleon.obj */,
				BED672221752D17E00385B13 /* head.mtl */,
				BED672231752D17E00385B13 /* head.obj */,
				BED672241752D17E00385B13 /* head_chord.obj */,
				BED672251752D17E00385B13 /* HOUSTON.mtl */,
				BED672261752D17E00385B13 /* HOUSTON.obj */,
				BED672271752D17E00385B13 /* hurt.mtl */,
				BED672281752D17E00385B13 /* hurt.obj */,
				BED672291752D17E00385B13 /* jar_fix.mtl */,
				BED6722A1752D17F00385B13 /* jar_fix.obj */,
				BED6722B1752D17F00385B13 /* lady_c.mtl */,
				BED6722C1752D17F00385B13 /* lady_c.obj */,
				BED6722D1752D17F00385B13 /* LoraBuste01.mtl */,
				BED6722E1752D17F00385B13 /* LoraBuste01.obj */,
				BED6722F1752D17F00385B13 /* MIDEVIL.mtl */,
				BED672301752D17F00385B13 /* MIDEVIL.obj */,
				BED672311752D17F00385B13 /* ncc1701b.obj */,
				BED672321752D17F00385B13 /* P51flight.mtl */,
				BED672331752D17F00385B13 /* P51flight.obj */,
				BED672341752D17F00385B13 /* pawn.mtl */,
				BED672351752D17F00385B13 /* pawn.obj */,
				BED672361752D17F00385B13 /* pig.mtl */,
				BED672371752D17F00385B13 /* pig.obj */,
				BED672381752D17F00385B13 /* porsche.mtl */,
				BED672391752D17F00385B13 /* porsche.obj */,
				BED6723A1752D17F00385B13 /* rose+vase.mtl */,
				BED6723B1752D17F00385B13 /* rose+vase.obj */,
				BED6723C1752D17F00385B13 /* shark.obj */,
				BED6723D1752D17F00385B13 /* slices.obj */,
				BED6723E1752D17F00385B13 /* soccerball.mtl */,
				BED6723F1752D17F00385B13 /* soccerball.obj */,
				BED672401752D17F00385B13 /* sphere.mtl */,
				BED672411752D17F00385B13 /* sphere.obj */,
				BED672421752D17F00385B13 /* sr5.mtl */,
				BED672431752D17F00385B13 /* sr5.obj */,
				BED672441752D17F00385B13 /* teapot.mtl */,
				BED672451752D17F00385B13 /* teapot.obj */,
				BED672461752D17F00385B13 /* test4.mtl */,
				BED672471752D17F00385B13 /* test4.obj */,
				BED672481752D17F00385B13 /* tie.mtl */,
				BED672491752D17F00385B13 /* tie.obj */,
				BED6724A1752D17F00385B13 /* venus.mtl */,
				BED6724B1752D17F00385B13 /* venus.obj */,
				BED6724C1752D17F00385B13 /* womanhead.obj */,
				BED6724D1752D17F00385B13 /* world_curved.mtl */,
				BED6724E1752D17F00385B13 /* world_curved.obj */,
				BED6724F1752D17F00385B13 /* xwing.obj */,
			);
			path = Models;
			sourceTree = "<group>";
		};
		BEE111061744939F00602BFC /* objParser */ = {
			isa = PBXGroup;
			children = (
				BED671FE1752D0AA00385B13 /* glm.h */,
				BED671FF1752D0AA00385B13 /* glm.cpp */,
				BE8204741754004D00F3F1ED /* OBJObject.cpp */,
				BE8204751754004D00F3F1ED /* OBJObject.h */,
				BEE11109174493E100602BFC /* objparser.cpp */,
				BEE1110A174493E100602BFC /* objparser.h */,
			);
			name = objParser;
			sourceTree = "<group>";
		};
/* End PBXGroup section */

/* Begin PBXNativeTarget section */
		BECC167D174476A9004C1344 /* loadModels */ = {
			isa = PBXNativeTarget;
			buildConfigurationList = BECC1687174476A9004C1344 /* Build configuration list for PBXNativeTarget "loadModels" */;
			buildPhases = (
				BECC167A174476A9004C1344 /* Sources */,
				BECC167B174476A9004C1344 /* Frameworks */,
				BECC167C174476A9004C1344 /* CopyFiles */,
			);
			buildRules = (
			);
			dependencies = (
			);
			name = loadModels;
			productName = loadModels;
			productReference = BECC167E174476A9004C1344 /* loadModels */;
			productType = "com.apple.product-type.tool";
		};
/* End PBXNativeTarget section */

/* Begin PBXProject section */
		BECC1676174476A9004C1344 /* Project object */ = {
			isa = PBXProject;
			attributes = {
				LastUpgradeCheck = 0460;
				ORGANIZATIONNAME = "Wahid Chowdhury";
			};
			buildConfigurationList = BECC1679174476A9004C1344 /* Build configuration list for PBXProject "loadModels" */;
			compatibilityVersion = "Xcode 3.2";
			developmentRegion = English;
			hasScannedForEncodings = 0;
			knownRegions = (
				en,
			);
			mainGroup = BECC1675174476A9004C1344;
			productRefGroup = BECC167F174476A9004C1344 /* Products */;
			projectDirPath = "";
			projectRoot = "";
			targets = (
				BECC167D174476A9004C1344 /* loadModels */,
			);
		};
/* End PBXProject section */

/* Begin PBXSourcesBuildPhase section */
		BECC167A174476A9004C1344 /* Sources */ = {
			isa = PBXSourcesBuildPhase;
			buildActionMask = 2147483647;
			files = (
				BE2F86771753FE6A0045A31A /* objparser.cpp in Sources */,
				BE2F86761753FE400045A31A /* glm.cpp in Sources */,
				BE2F86751753FE120045A31A /* main.cpp in Sources */,
				BE8204761754004D00F3F1ED /* OBJObject.cpp in Sources */,
			);
			runOnlyForDeploymentPostprocessing = 0;
		};
/* End PBXSourcesBuildPhase section */

/* Begin XCBuildConfiguration section */
		BECC1685174476A9004C1344 /* Debug */ = {
			isa = XCBuildConfiguration;
			buildSettings = {
				ALWAYS_SEARCH_USER_PATHS = NO;
				ARCHS = "$(ARCHS_STANDARD_64_BIT)";
				CLANG_CXX_LANGUAGE_STANDARD = "gnu++0x";
				CLANG_CXX_LIBRARY = "libc++";
				CLANG_ENABLE_OBJC_ARC = YES;
				CLANG_WARN_CONSTANT_CONVERSION = YES;
				CLANG_WARN_EMPTY_BODY = YES;
				CLANG_WARN_ENUM_CONVERSION = YES;
				CLANG_WARN_INT_CONVERSION = YES;
				CLANG_WARN__DUPLICATE_METHOD_MATCH = YES;
				COPY_PHASE_STRIP = NO;
				GCC_C_LANGUAGE_STANDARD = gnu99;
				GCC_DYNAMIC_NO_PIC = NO;
				GCC_ENABLE_OBJC_EXCEPTIONS = YES;
				GCC_OPTIMIZATION_LEVEL = 0;
				GCC_PREPROCESSOR_DEFINITIONS = (
					"DEBUG=1",
					"$(inherited)",
				);
				GCC_SYMBOLS_PRIVATE_EXTERN = NO;
				GCC_WARN_64_TO_32_BIT_CONVERSION = YES;
				GCC_WARN_ABOUT_RETURN_TYPE = YES;
				GCC_WARN_UNINITIALIZED_AUTOS = YES;
				GCC_WARN_UNUSED_VARIABLE = YES;
				MACOSX_DEPLOYMENT_TARGET = 10.8;
				ONLY_ACTIVE_ARCH = YES;
				SDKROOT = macosx;
			};
			name = Debug;
		};
		BECC1686174476A9004C1344 /* Release */ = {
			isa = XCBuildConfiguration;
			buildSettings = {
				ALWAYS_SEARCH_USER_PATHS = NO;
				ARCHS = "$(ARCHS_STANDARD_64_BIT)";
				CLANG_CXX_LANGUAGE_STANDARD = "gnu++0x";
				CLANG_CXX_LIBRARY = "libc++";
				CLANG_ENABLE_OBJC_ARC = YES;
				CLANG_WARN_CONSTANT_CONVERSION = YES;
				CLANG_WARN_EMPTY_BODY = YES;
				CLANG_WARN_ENUM_CONVERSION = YES;
				CLANG_WARN_INT_CONVERSION = YES;
				CLANG_WARN__DUPLICATE_METHOD_MATCH = YES;
				COPY_PHASE_STRIP = YES;
				DEBUG_INFORMATION_FORMAT = "dwarf-with-dsym";
				GCC_C_LANGUAGE_STANDARD = gnu99;
				GCC_ENABLE_OBJC_EXCEPTIONS = YES;
				GCC_WARN_64_TO_32_BIT_CONVERSION = YES;
				GCC_WARN_ABOUT_RETURN_TYPE = YES;
				GCC_WARN_UNINITIALIZED_AUTOS = YES;
				GCC_WARN_UNUSED_VARIABLE = YES;
				MACOSX_DEPLOYMENT_TARGET = 10.8;
				SDKROOT = macosx;
			};
			name = Release;
		};
		BECC1688174476A9004C1344 /* Debug */ = {
			isa = XCBuildConfiguration;
			buildSettings = {
				PRODUCT_NAME = "$(TARGET_NAME)";
				USER_HEADER_SEARCH_PATHS = "/opt/local/include/**";
			};
			name = Debug;
		};
		BECC1689174476A9004C1344 /* Release */ = {
			isa = XCBuildConfiguration;
			buildSettings = {
				PRODUCT_NAME = "$(TARGET_NAME)";
				USER_HEADER_SEARCH_PATHS = "/opt/local/include/**";
			};
			name = Release;
		};
/* End XCBuildConfiguration section */

/* Begin XCConfigurationList section */
		BECC1679174476A9004C1344 /* Build configuration list for PBXProject "loadModels" */ = {
			isa = XCConfigurationList;
			buildConfigurations = (
				BECC1685174476A9004C1344 /* Debug */,
				BECC1686174476A9004C1344 /* Release */,
			);
			defaultConfigurationIsVisible = 0;
			defaultConfigurationName = Release;
		};
		BECC1687174476A9004C1344 /* Build configuration list for PBXNativeTarget "loadModels" */ = {
			isa = XCConfigurationList;
			buildConfigurations = (
				BECC1688174476A9004C1344 /* Debug */,
				BECC1689174476A9004C1344 /* Release */,
			);
			defaultConfigurationIsVisible = 0;
			defaultConfigurationName = Release;
		};
/* End XCConfigurationList section */
	};
	rootObject = BECC1676174476A9004C1344 /* Project object */;
}
