// !$*UTF8*$!
{
	archiveVersion = 1;
	classes = {
	};
	objectVersion = 46;
	objects = {

/* Begin PBXBuildFile section */
		BECC168B174478BD004C1344 /* GLUT.framework in Frameworks */ = {isa = PBXBuildFile; fileRef = BECC168A174478BD004C1344 /* GLUT.framework */; };
		BECC168D174478C2004C1344 /* OpenGL.framework in Frameworks */ = {isa = PBXBuildFile; fileRef = BECC168C174478C2004C1344 /* OpenGL.framework */; };
		BECC169F1744795E004C1344 /* tga.cpp in Sources */ = {isa = PBXBuildFile; fileRef = BECC16961744795E004C1344 /* tga.cpp */; };
		BECC16A01744795E004C1344 /* InitShader.cpp in Sources */ = {isa = PBXBuildFile; fileRef = BECC169E1744795E004C1344 /* InitShader.cpp */; };
		BECC16BE17448DEC004C1344 /* main.cpp in Sources */ = {isa = PBXBuildFile; fileRef = BECC16BD17448DEC004C1344 /* main.cpp */; };
		BEE1110D174493E100602BFC /* glm.cpp in Sources */ = {isa = PBXBuildFile; fileRef = BEE11107174493E100602BFC /* glm.cpp */; };
		BEE1110E174493E100602BFC /* objparser.cpp in Sources */ = {isa = PBXBuildFile; fileRef = BEE11109174493E100602BFC /* objparser.cpp */; };
		BEE1110F174493E100602BFC /* renderer.cpp in Sources */ = {isa = PBXBuildFile; fileRef = BEE1110B174493E100602BFC /* renderer.cpp */; };
		BEE111131744CA5800602BFC /* OBJObject.cpp in Sources */ = {isa = PBXBuildFile; fileRef = BEE111111744CA5800602BFC /* OBJObject.cpp */; };
/* End PBXBuildFile section */

/* Begin PBXCopyFilesBuildPhase section */
		BECC167C174476A9004C1344 /* CopyFiles */ = {
			isa = PBXCopyFilesBuildPhase;
			buildActionMask = 2147483647;
			dstPath = /usr/share/man/man1/;
			dstSubfolderSpec = 0;
			files = (
			);
			runOnlyForDeploymentPostprocessing = 1;
		};
/* End PBXCopyFilesBuildPhase section */

/* Begin PBXFileReference section */
		BEC2BE68174E130C000C44FA /* castle.mtl */ = {isa = PBXFileReference; fileEncoding = 4; lastKnownFileType = text; path = castle.mtl; sourceTree = "<group>"; };
		BEC2BE69174E130C000C44FA /* castle.obj */ = {isa = PBXFileReference; fileEncoding = 4; lastKnownFileType = text; path = castle.obj; sourceTree = "<group>"; };
		BEC2BE6A174E1421000C44FA /* dolphins.obj */ = {isa = PBXFileReference; fileEncoding = 4; lastKnownFileType = text; path = dolphins.obj; sourceTree = "<group>"; };
		BEC2BE6D174E15F3000C44FA /* vshader.glsl */ = {isa = PBXFileReference; fileEncoding = 4; lastKnownFileType = text; path = vshader.glsl; sourceTree = "<group>"; };
		BEC2BE6E174E15F3000C44FA /* fshader.glsl */ = {isa = PBXFileReference; fileEncoding = 4; lastKnownFileType = text; path = fshader.glsl; sourceTree = "<group>"; };
		BEC2BE6F174E1859000C44FA /* fshader71.glsl */ = {isa = PBXFileReference; fileEncoding = 4; lastKnownFileType = text; path = fshader71.glsl; sourceTree = "<group>"; };
		BEC2BE70174E1859000C44FA /* vshader71.glsl */ = {isa = PBXFileReference; fileEncoding = 4; lastKnownFileType = text; path = vshader71.glsl; sourceTree = "<group>"; };
		BEC2BE71174ECAA6000C44FA /* cube.obj */ = {isa = PBXFileReference; fileEncoding = 4; lastKnownFileType = text; path = cube.obj; sourceTree = "<group>"; };
		BECC167E174476A9004C1344 /* loadModels */ = {isa = PBXFileReference; explicitFileType = "compiled.mach-o.executable"; includeInIndex = 0; path = loadModels; sourceTree = BUILT_PRODUCTS_DIR; };
		BECC168A174478BD004C1344 /* GLUT.framework */ = {isa = PBXFileReference; lastKnownFileType = wrapper.framework; name = GLUT.framework; path = System/Library/Frameworks/GLUT.framework; sourceTree = SDKROOT; };
		BECC168C174478C2004C1344 /* OpenGL.framework */ = {isa = PBXFileReference; lastKnownFileType = wrapper.framework; name = OpenGL.framework; path = System/Library/Frameworks/OpenGL.framework; sourceTree = SDKROOT; };
		BECC16951744795E004C1344 /* mat.h */ = {isa = PBXFileReference; fileEncoding = 4; lastKnownFileType = sourcecode.c.h; path = mat.h; sourceTree = "<group>"; };
		BECC16961744795E004C1344 /* tga.cpp */ = {isa = PBXFileReference; fileEncoding = 4; lastKnownFileType = sourcecode.cpp.cpp; path = tga.cpp; sourceTree = "<group>"; };
		BECC16971744795E004C1344 /* tga.h */ = {isa = PBXFileReference; fileEncoding = 4; lastKnownFileType = sourcecode.c.h; path = tga.h; sourceTree = "<group>"; };
		BECC16981744795E004C1344 /* vec.h */ = {isa = PBXFileReference; fileEncoding = 4; lastKnownFileType = sourcecode.c.h; path = vec.h; sourceTree = "<group>"; };
		BECC169A1744795E004C1344 /* Angel.h */ = {isa = PBXFileReference; fileEncoding = 4; lastKnownFileType = sourcecode.c.h; path = Angel.h; sourceTree = "<group>"; };
		BECC169B1744795E004C1344 /* CheckError.h */ = {isa = PBXFileReference; fileEncoding = 4; lastKnownFileType = sourcecode.c.h; path = CheckError.h; sourceTree = "<group>"; };
		BECC169C1744795E004C1344 /* earth.tga */ = {isa = PBXFileReference; lastKnownFileType = file; path = earth.tga; sourceTree = "<group>"; };
		BECC169E1744795E004C1344 /* InitShader.cpp */ = {isa = PBXFileReference; fileEncoding = 4; lastKnownFileType = sourcecode.cpp.cpp; path = InitShader.cpp; sourceTree = "<group>"; };
		BECC16BD17448DEC004C1344 /* main.cpp */ = {isa = PBXFileReference; fileEncoding = 4; lastKnownFileType = sourcecode.cpp.cpp; path = main.cpp; sourceTree = "<group>"; };
		BEE11107174493E100602BFC /* glm.cpp */ = {isa = PBXFileReference; fileEncoding = 4; lastKnownFileType = sourcecode.cpp.cpp; path = glm.cpp; sourceTree = "<group>"; };
		BEE11108174493E100602BFC /* glm.h */ = {isa = PBXFileReference; fileEncoding = 4; lastKnownFileType = sourcecode.c.h; path = glm.h; sourceTree = "<group>"; };
		BEE11109174493E100602BFC /* objparser.cpp */ = {isa = PBXFileReference; fileEncoding = 4; lastKnownFileType = sourcecode.cpp.cpp; path = objparser.cpp; sourceTree = "<group>"; };
		BEE1110A174493E100602BFC /* objparser.h */ = {isa = PBXFileReference; fileEncoding = 4; lastKnownFileType = sourcecode.c.h; path = objparser.h; sourceTree = "<group>"; };
		BEE1110B174493E100602BFC /* renderer.cpp */ = {isa = PBXFileReference; fileEncoding = 4; lastKnownFileType = sourcecode.cpp.cpp; path = renderer.cpp; sourceTree = "<group>"; };
		BEE1110C174493E100602BFC /* renderer.h */ = {isa = PBXFileReference; fileEncoding = 4; lastKnownFileType = sourcecode.c.h; path = renderer.h; sourceTree = "<group>"; };
		BEE111111744CA5800602BFC /* OBJObject.cpp */ = {isa = PBXFileReference; fileEncoding = 4; lastKnownFileType = sourcecode.cpp.cpp; path = OBJObject.cpp; sourceTree = "<group>"; };
		BEE111121744CA5800602BFC /* OBJObject.h */ = {isa = PBXFileReference; fileEncoding = 4; lastKnownFileType = sourcecode.c.h; path = OBJObject.h; sourceTree = "<group>"; };
/* End PBXFileReference section */

/* Begin PBXFrameworksBuildPhase section */
		BECC167B174476A9004C1344 /* Frameworks */ = {
			isa = PBXFrameworksBuildPhase;
			buildActionMask = 2147483647;
			files = (
				BECC168D174478C2004C1344 /* OpenGL.framework in Frameworks */,
				BECC168B174478BD004C1344 /* GLUT.framework in Frameworks */,
			);
			runOnlyForDeploymentPostprocessing = 0;
		};
/* End PBXFrameworksBuildPhase section */

/* Begin PBXGroup section */
		BECC1675174476A9004C1344 = {
			isa = PBXGroup;
			children = (
				BECC168C174478C2004C1344 /* OpenGL.framework */,
				BECC168A174478BD004C1344 /* GLUT.framework */,
				BECC1680174476A9004C1344 /* loadModels */,
				BECC167F174476A9004C1344 /* Products */,
			);
			sourceTree = "<group>";
		};
		BECC167F174476A9004C1344 /* Products */ = {
			isa = PBXGroup;
			children = (
				BECC167E174476A9004C1344 /* loadModels */,
			);
			name = Products;
			sourceTree = "<group>";
		};
		BECC1680174476A9004C1344 /* loadModels */ = {
			isa = PBXGroup;
			children = (
				BEC2BE71174ECAA6000C44FA /* cube.obj */,
				BEC2BE6F174E1859000C44FA /* fshader71.glsl */,
				BEC2BE70174E1859000C44FA /* vshader71.glsl */,
				BEC2BE6D174E15F3000C44FA /* vshader.glsl */,
				BEC2BE6E174E15F3000C44FA /* fshader.glsl */,
				BEC2BE6A174E1421000C44FA /* dolphins.obj */,
				BEC2BE68174E130C000C44FA /* castle.mtl */,
				BEC2BE69174E130C000C44FA /* castle.obj */,
				BEE111061744939F00602BFC /* objParser */,
				BECC16BD17448DEC004C1344 /* main.cpp */,
				BECC16951744795E004C1344 /* mat.h */,
				BECC16961744795E004C1344 /* tga.cpp */,
				BECC16971744795E004C1344 /* tga.h */,
				BECC16981744795E004C1344 /* vec.h */,
				BECC169A1744795E004C1344 /* Angel.h */,
				BECC169B1744795E004C1344 /* CheckError.h */,
				BECC169C1744795E004C1344 /* earth.tga */,
				BECC169E1744795E004C1344 /* InitShader.cpp */,
				BEE111111744CA5800602BFC /* OBJObject.cpp */,
				BEE111121744CA5800602BFC /* OBJObject.h */,
			);
			path = loadModels;
			sourceTree = "<group>";
		};
		BEE111061744939F00602BFC /* objParser */ = {
			isa = PBXGroup;
			children = (
				BEE11107174493E100602BFC /* glm.cpp */,
				BEE11108174493E100602BFC /* glm.h */,
				BEE11109174493E100602BFC /* objparser.cpp */,
				BEE1110A174493E100602BFC /* objparser.h */,
				BEE1110B174493E100602BFC /* renderer.cpp */,
				BEE1110C174493E100602BFC /* renderer.h */,
			);
			name = objParser;
			sourceTree = "<group>";
		};
/* End PBXGroup section */

/* Begin PBXNativeTarget section */
		BECC167D174476A9004C1344 /* loadModels */ = {
			isa = PBXNativeTarget;
			buildConfigurationList = BECC1687174476A9004C1344 /* Build configuration list for PBXNativeTarget "loadModels" */;
			buildPhases = (
				BECC167A174476A9004C1344 /* Sources */,
				BECC167B174476A9004C1344 /* Frameworks */,
				BECC167C174476A9004C1344 /* CopyFiles */,
			);
			buildRules = (
			);
			dependencies = (
			);
			name = loadModels;
			productName = loadModels;
			productReference = BECC167E174476A9004C1344 /* loadModels */;
			productType = "com.apple.product-type.tool";
		};
/* End PBXNativeTarget section */

/* Begin PBXProject section */
		BECC1676174476A9004C1344 /* Project object */ = {
			isa = PBXProject;
			attributes = {
				LastUpgradeCheck = 0460;
				ORGANIZATIONNAME = "Wahid Chowdhury";
			};
			buildConfigurationList = BECC1679174476A9004C1344 /* Build configuration list for PBXProject "loadModels" */;
			compatibilityVersion = "Xcode 3.2";
			developmentRegion = English;
			hasScannedForEncodings = 0;
			knownRegions = (
				en,
			);
			mainGroup = BECC1675174476A9004C1344;
			productRefGroup = BECC167F174476A9004C1344 /* Products */;
			projectDirPath = "";
			projectRoot = "";
			targets = (
				BECC167D174476A9004C1344 /* loadModels */,
			);
		};
/* End PBXProject section */

/* Begin PBXSourcesBuildPhase section */
		BECC167A174476A9004C1344 /* Sources */ = {
			isa = PBXSourcesBuildPhase;
			buildActionMask = 2147483647;
			files = (
				BECC169F1744795E004C1344 /* tga.cpp in Sources */,
				BECC16A01744795E004C1344 /* InitShader.cpp in Sources */,
				BECC16BE17448DEC004C1344 /* main.cpp in Sources */,
				BEE1110D174493E100602BFC /* glm.cpp in Sources */,
				BEE1110E174493E100602BFC /* objparser.cpp in Sources */,
				BEE1110F174493E100602BFC /* renderer.cpp in Sources */,
				BEE111131744CA5800602BFC /* OBJObject.cpp in Sources */,
			);
			runOnlyForDeploymentPostprocessing = 0;
		};
/* End PBXSourcesBuildPhase section */

/* Begin XCBuildConfiguration section */
		BECC1685174476A9004C1344 /* Debug */ = {
			isa = XCBuildConfiguration;
			buildSettings = {
				ALWAYS_SEARCH_USER_PATHS = NO;
				ARCHS = "$(ARCHS_STANDARD_64_BIT)";
				CLANG_CXX_LANGUAGE_STANDARD = "gnu++0x";
				CLANG_CXX_LIBRARY = "libc++";
				CLANG_ENABLE_OBJC_ARC = YES;
				CLANG_WARN_CONSTANT_CONVERSION = YES;
				CLANG_WARN_EMPTY_BODY = YES;
				CLANG_WARN_ENUM_CONVERSION = YES;
				CLANG_WARN_INT_CONVERSION = YES;
				CLANG_WARN__DUPLICATE_METHOD_MATCH = YES;
				COPY_PHASE_STRIP = NO;
				GCC_C_LANGUAGE_STANDARD = gnu99;
				GCC_DYNAMIC_NO_PIC = NO;
				GCC_ENABLE_OBJC_EXCEPTIONS = YES;
				GCC_OPTIMIZATION_LEVEL = 0;
				GCC_PREPROCESSOR_DEFINITIONS = (
					"DEBUG=1",
					"$(inherited)",
				);
				GCC_SYMBOLS_PRIVATE_EXTERN = NO;
				GCC_WARN_64_TO_32_BIT_CONVERSION = YES;
				GCC_WARN_ABOUT_RETURN_TYPE = YES;
				GCC_WARN_UNINITIALIZED_AUTOS = YES;
				GCC_WARN_UNUSED_VARIABLE = YES;
				MACOSX_DEPLOYMENT_TARGET = 10.8;
				ONLY_ACTIVE_ARCH = YES;
				SDKROOT = macosx;
			};
			name = Debug;
		};
		BECC1686174476A9004C1344 /* Release */ = {
			isa = XCBuildConfiguration;
			buildSettings = {
				ALWAYS_SEARCH_USER_PATHS = NO;
				ARCHS = "$(ARCHS_STANDARD_64_BIT)";
				CLANG_CXX_LANGUAGE_STANDARD = "gnu++0x";
				CLANG_CXX_LIBRARY = "libc++";
				CLANG_ENABLE_OBJC_ARC = YES;
				CLANG_WARN_CONSTANT_CONVERSION = YES;
				CLANG_WARN_EMPTY_BODY = YES;
				CLANG_WARN_ENUM_CONVERSION = YES;
				CLANG_WARN_INT_CONVERSION = YES;
				CLANG_WARN__DUPLICATE_METHOD_MATCH = YES;
				COPY_PHASE_STRIP = YES;
				DEBUG_INFORMATION_FORMAT = "dwarf-with-dsym";
				GCC_C_LANGUAGE_STANDARD = gnu99;
				GCC_ENABLE_OBJC_EXCEPTIONS = YES;
				GCC_WARN_64_TO_32_BIT_CONVERSION = YES;
				GCC_WARN_ABOUT_RETURN_TYPE = YES;
				GCC_WARN_UNINITIALIZED_AUTOS = YES;
				GCC_WARN_UNUSED_VARIABLE = YES;
				MACOSX_DEPLOYMENT_TARGET = 10.8;
				SDKROOT = macosx;
			};
			name = Release;
		};
		BECC1688174476A9004C1344 /* Debug */ = {
			isa = XCBuildConfiguration;
			buildSettings = {
				PRODUCT_NAME = "$(TARGET_NAME)";
				USER_HEADER_SEARCH_PATHS = "/opt/local/include/**";
			};
			name = Debug;
		};
		BECC1689174476A9004C1344 /* Release */ = {
			isa = XCBuildConfiguration;
			buildSettings = {
				PRODUCT_NAME = "$(TARGET_NAME)";
				USER_HEADER_SEARCH_PATHS = "/opt/local/include/**";
			};
			name = Release;
		};
/* End XCBuildConfiguration section */

/* Begin XCConfigurationList section */
		BECC1679174476A9004C1344 /* Build configuration list for PBXProject "loadModels" */ = {
			isa = XCConfigurationList;
			buildConfigurations = (
				BECC1685174476A9004C1344 /* Debug */,
				BECC1686174476A9004C1344 /* Release */,
			);
			defaultConfigurationIsVisible = 0;
			defaultConfigurationName = Release;
		};
		BECC1687174476A9004C1344 /* Build configuration list for PBXNativeTarget "loadModels" */ = {
			isa = XCConfigurationList;
			buildConfigurations = (
				BECC1688174476A9004C1344 /* Debug */,
				BECC1689174476A9004C1344 /* Release */,
			);
			defaultConfigurationIsVisible = 0;
			defaultConfigurationName = Release;
		};
/* End XCConfigurationList section */
	};
	rootObject = BECC1676174476A9004C1344 /* Project object */;
}
