// !$*UTF8*$!
{
	archiveVersion = 1;
	classes = {
	};
	objectVersion = 46;
	objects = {

/* Begin PBXBuildFile section */
		BE63C033175931450086100A /* main.cpp in Sources */ = {isa = PBXBuildFile; fileRef = BE63C032175931450086100A /* main.cpp */; };
		BE63C035175931450086100A /* particles.1 in CopyFiles */ = {isa = PBXBuildFile; fileRef = BE63C034175931450086100A /* particles.1 */; };
/* End PBXBuildFile section */

/* Begin PBXCopyFilesBuildPhase section */
		BE63C02D175931450086100A /* CopyFiles */ = {
			isa = PBXCopyFilesBuildPhase;
			buildActionMask = 2147483647;
			dstPath = /usr/share/man/man1/;
			dstSubfolderSpec = 0;
			files = (
				BE63C035175931450086100A /* particles.1 in CopyFiles */,
			);
			runOnlyForDeploymentPostprocessing = 1;
		};
/* End PBXCopyFilesBuildPhase section */

/* Begin PBXFileReference section */
		BE63C02F175931450086100A /* particles */ = {isa = PBXFileReference; explicitFileType = "compiled.mach-o.executable"; includeInIndex = 0; path = particles; sourceTree = BUILT_PRODUCTS_DIR; };
		BE63C032175931450086100A /* main.cpp */ = {isa = PBXFileReference; lastKnownFileType = sourcecode.cpp.cpp; path = main.cpp; sourceTree = "<group>"; };
		BE63C034175931450086100A /* particles.1 */ = {isa = PBXFileReference; lastKnownFileType = text.man; path = particles.1; sourceTree = "<group>"; };
/* End PBXFileReference section */

/* Begin PBXFrameworksBuildPhase section */
		BE63C02C175931450086100A /* Frameworks */ = {
			isa = PBXFrameworksBuildPhase;
			buildActionMask = 2147483647;
			files = (
			);
			runOnlyForDeploymentPostprocessing = 0;
		};
/* End PBXFrameworksBuildPhase section */

/* Begin PBXGroup section */
		BE63C026175931450086100A = {
			isa = PBXGroup;
			children = (
				BE63C031175931450086100A /* particles */,
				BE63C030175931450086100A /* Products */,
			);
			sourceTree = "<group>";
		};
		BE63C030175931450086100A /* Products */ = {
			isa = PBXGroup;
			children = (
				BE63C02F175931450086100A /* particles */,
			);
			name = Products;
			sourceTree = "<group>";
		};
		BE63C031175931450086100A /* particles */ = {
			isa = PBXGroup;
			children = (
				BE63C032175931450086100A /* main.cpp */,
				BE63C034175931450086100A /* particles.1 */,
			);
			path = particles;
			sourceTree = "<group>";
		};
/* End PBXGroup section */

/* Begin PBXNativeTarget section */
		BE63C02E175931450086100A /* particles */ = {
			isa = PBXNativeTarget;
			buildConfigurationList = BE63C038175931450086100A /* Build configuration list for PBXNativeTarget "particles" */;
			buildPhases = (
				BE63C02B175931450086100A /* Sources */,
				BE63C02C175931450086100A /* Frameworks */,
				BE63C02D175931450086100A /* CopyFiles */,
			);
			buildRules = (
			);
			dependencies = (
			);
			name = particles;
			productName = particles;
			productReference = BE63C02F175931450086100A /* particles */;
			productType = "com.apple.product-type.tool";
		};
/* End PBXNativeTarget section */

/* Begin PBXProject section */
		BE63C027175931450086100A /* Project object */ = {
			isa = PBXProject;
			attributes = {
				LastUpgradeCheck = 0460;
				ORGANIZATIONNAME = "Wahid Chowdhury";
			};
			buildConfigurationList = BE63C02A175931450086100A /* Build configuration list for PBXProject "particles" */;
			compatibilityVersion = "Xcode 3.2";
			developmentRegion = English;
			hasScannedForEncodings = 0;
			knownRegions = (
				en,
			);
			mainGroup = BE63C026175931450086100A;
			productRefGroup = BE63C030175931450086100A /* Products */;
			projectDirPath = "";
			projectRoot = "";
			targets = (
				BE63C02E175931450086100A /* particles */,
			);
		};
/* End PBXProject section */

/* Begin PBXSourcesBuildPhase section */
		BE63C02B175931450086100A /* Sources */ = {
			isa = PBXSourcesBuildPhase;
			buildActionMask = 2147483647;
			files = (
				BE63C033175931450086100A /* main.cpp in Sources */,
			);
			runOnlyForDeploymentPostprocessing = 0;
		};
/* End PBXSourcesBuildPhase section */

/* Begin XCBuildConfiguration section */
		BE63C036175931450086100A /* Debug */ = {
			isa = XCBuildConfiguration;
			buildSettings = {
				ALWAYS_SEARCH_USER_PATHS = NO;
				ARCHS = "$(ARCHS_STANDARD_64_BIT)";
				CLANG_CXX_LANGUAGE_STANDARD = "gnu++0x";
				CLANG_CXX_LIBRARY = "libc++";
				CLANG_WARN_CONSTANT_CONVERSION = YES;
				CLANG_WARN_EMPTY_BODY = YES;
				CLANG_WARN_ENUM_CONVERSION = YES;
				CLANG_WARN_INT_CONVERSION = YES;
				CLANG_WARN__DUPLICATE_METHOD_MATCH = YES;
				COPY_PHASE_STRIP = NO;
				GCC_C_LANGUAGE_STANDARD = gnu99;
				GCC_DYNAMIC_NO_PIC = NO;
				GCC_ENABLE_OBJC_EXCEPTIONS = YES;
				GCC_OPTIMIZATION_LEVEL = 0;
				GCC_PREPROCESSOR_DEFINITIONS = (
					"DEBUG=1",
					"$(inherited)",
				);
				GCC_SYMBOLS_PRIVATE_EXTERN = NO;
				GCC_WARN_64_TO_32_BIT_CONVERSION = YES;
				GCC_WARN_ABOUT_RETURN_TYPE = YES;
				GCC_WARN_UNINITIALIZED_AUTOS = YES;
				GCC_WARN_UNUSED_VARIABLE = YES;
				MACOSX_DEPLOYMENT_TARGET = 10.8;
				ONLY_ACTIVE_ARCH = YES;
				SDKROOT = macosx;
			};
			name = Debug;
		};
		BE63C037175931450086100A /* Release */ = {
			isa = XCBuildConfiguration;
			buildSettings = {
				ALWAYS_SEARCH_USER_PATHS = NO;
				ARCHS = "$(ARCHS_STANDARD_64_BIT)";
				CLANG_CXX_LANGUAGE_STANDARD = "gnu++0x";
				CLANG_CXX_LIBRARY = "libc++";
				CLANG_WARN_CONSTANT_CONVERSION = YES;
				CLANG_WARN_EMPTY_BODY = YES;
				CLANG_WARN_ENUM_CONVERSION = YES;
				CLANG_WARN_INT_CONVERSION = YES;
				CLANG_WARN__DUPLICATE_METHOD_MATCH = YES;
				COPY_PHASE_STRIP = YES;
				DEBUG_INFORMATION_FORMAT = "dwarf-with-dsym";
				GCC_C_LANGUAGE_STANDARD = gnu99;
				GCC_ENABLE_OBJC_EXCEPTIONS = YES;
				GCC_WARN_64_TO_32_BIT_CONVERSION = YES;
				GCC_WARN_ABOUT_RETURN_TYPE = YES;
				GCC_WARN_UNINITIALIZED_AUTOS = YES;
				GCC_WARN_UNUSED_VARIABLE = YES;
				MACOSX_DEPLOYMENT_TARGET = 10.8;
				SDKROOT = macosx;
			};
			name = Release;
		};
		BE63C039175931450086100A /* Debug */ = {
			isa = XCBuildConfiguration;
			buildSettings = {
				PRODUCT_NAME = "$(TARGET_NAME)";
			};
			name = Debug;
		};
		BE63C03A175931450086100A /* Release */ = {
			isa = XCBuildConfiguration;
			buildSettings = {
				PRODUCT_NAME = "$(TARGET_NAME)";
			};
			name = Release;
		};
/* End XCBuildConfiguration section */

/* Begin XCConfigurationList section */
		BE63C02A175931450086100A /* Build configuration list for PBXProject "particles" */ = {
			isa = XCConfigurationList;
			buildConfigurations = (
				BE63C036175931450086100A /* Debug */,
				BE63C037175931450086100A /* Release */,
			);
			defaultConfigurationIsVisible = 0;
			defaultConfigurationName = Release;
		};
		BE63C038175931450086100A /* Build configuration list for PBXNativeTarget "particles" */ = {
			isa = XCConfigurationList;
			buildConfigurations = (
				BE63C039175931450086100A /* Debug */,
				BE63C03A175931450086100A /* Release */,
			);
			defaultConfigurationIsVisible = 0;
		};
/* End XCConfigurationList section */
	};
	rootObject = BE63C027175931450086100A /* Project object */;
}
